// !$*UTF8*$!
{
	archiveVersion = 1;
	classes = {
	};
	objectVersion = 55;
	objects = {

/* Begin PBXBuildFile section */
		24AB3818287C15ED00F63D89 /* HaishinTestApp.swift in Sources */ = {isa = PBXBuildFile; fileRef = 24AB3817287C15ED00F63D89 /* HaishinTestApp.swift */; };
		24AB381A287C15ED00F63D89 /* ContentView.swift in Sources */ = {isa = PBXBuildFile; fileRef = 24AB3819287C15ED00F63D89 /* ContentView.swift */; };
		24AB381C287C15EF00F63D89 /* Assets.xcassets in Resources */ = {isa = PBXBuildFile; fileRef = 24AB381B287C15EF00F63D89 /* Assets.xcassets */; };
		24AB381F287C15EF00F63D89 /* Preview Assets.xcassets in Resources */ = {isa = PBXBuildFile; fileRef = 24AB381E287C15EF00F63D89 /* Preview Assets.xcassets */; };
		24AB3829287C275700F63D89 /* MTHKSwiftUiView.swift in Sources */ = {isa = PBXBuildFile; fileRef = 24AB3828287C275700F63D89 /* MTHKSwiftUiView.swift */; };
		24AB382B287C279400F63D89 /* OnTapGestureView.swift in Sources */ = {isa = PBXBuildFile; fileRef = 24AB382A287C279400F63D89 /* OnTapGestureView.swift */; };
		24AB382D287C27AB00F63D89 /* Views.swift in Sources */ = {isa = PBXBuildFile; fileRef = 24AB382C287C27AB00F63D89 /* Views.swift */; };
		24AB3830287C27F200F63D89 /* ViewModel.swift in Sources */ = {isa = PBXBuildFile; fileRef = 24AB382F287C27F200F63D89 /* ViewModel.swift */; };
		24AB3832287C290A00F63D89 /* VisualEffect.swift in Sources */ = {isa = PBXBuildFile; fileRef = 24AB3831287C290A00F63D89 /* VisualEffect.swift */; };
		52A16E077425C36F4476BD93 /* Pods_HaishinTest.framework in Frameworks */ = {isa = PBXBuildFile; fileRef = A85483CE584F3C3F6F12804C /* Pods_HaishinTest.framework */; };
/* End PBXBuildFile section */

/* Begin PBXFileReference section */
		24AB3814287C15ED00F63D89 /* HaishinTest.app */ = {isa = PBXFileReference; explicitFileType = wrapper.application; includeInIndex = 0; path = HaishinTest.app; sourceTree = BUILT_PRODUCTS_DIR; };
		24AB3817287C15ED00F63D89 /* HaishinTestApp.swift */ = {isa = PBXFileReference; lastKnownFileType = sourcecode.swift; path = HaishinTestApp.swift; sourceTree = "<group>"; };
		24AB3819287C15ED00F63D89 /* ContentView.swift */ = {isa = PBXFileReference; lastKnownFileType = sourcecode.swift; path = ContentView.swift; sourceTree = "<group>"; };
		24AB381B287C15EF00F63D89 /* Assets.xcassets */ = {isa = PBXFileReference; lastKnownFileType = folder.assetcatalog; path = Assets.xcassets; sourceTree = "<group>"; };
		24AB381E287C15EF00F63D89 /* Preview Assets.xcassets */ = {isa = PBXFileReference; lastKnownFileType = folder.assetcatalog; path = "Preview Assets.xcassets"; sourceTree = "<group>"; };
		24AB3828287C275700F63D89 /* MTHKSwiftUiView.swift */ = {isa = PBXFileReference; lastKnownFileType = sourcecode.swift; path = MTHKSwiftUiView.swift; sourceTree = "<group>"; };
		24AB382A287C279400F63D89 /* OnTapGestureView.swift */ = {isa = PBXFileReference; lastKnownFileType = sourcecode.swift; path = OnTapGestureView.swift; sourceTree = "<group>"; };
		24AB382C287C27AB00F63D89 /* Views.swift */ = {isa = PBXFileReference; lastKnownFileType = sourcecode.swift; path = Views.swift; sourceTree = "<group>"; };
		24AB382F287C27F200F63D89 /* ViewModel.swift */ = {isa = PBXFileReference; lastKnownFileType = sourcecode.swift; path = ViewModel.swift; sourceTree = "<group>"; };
		24AB3831287C290A00F63D89 /* VisualEffect.swift */ = {isa = PBXFileReference; lastKnownFileType = sourcecode.swift; path = VisualEffect.swift; sourceTree = "<group>"; };
		2FF17090AF0493513494E458 /* Pods-HaishinTest.release.xcconfig */ = {isa = PBXFileReference; includeInIndex = 1; lastKnownFileType = text.xcconfig; name = "Pods-HaishinTest.release.xcconfig"; path = "Target Support Files/Pods-HaishinTest/Pods-HaishinTest.release.xcconfig"; sourceTree = "<group>"; };
		A85483CE584F3C3F6F12804C /* Pods_HaishinTest.framework */ = {isa = PBXFileReference; explicitFileType = wrapper.framework; includeInIndex = 0; path = Pods_HaishinTest.framework; sourceTree = BUILT_PRODUCTS_DIR; };
		CCB40260CBFE4BDA0ACCC47A /* Pods-HaishinTest.debug.xcconfig */ = {isa = PBXFileReference; includeInIndex = 1; lastKnownFileType = text.xcconfig; name = "Pods-HaishinTest.debug.xcconfig"; path = "Target Support Files/Pods-HaishinTest/Pods-HaishinTest.debug.xcconfig"; sourceTree = "<group>"; };
/* End PBXFileReference section */

/* Begin PBXFrameworksBuildPhase section */
		24AB3811287C15ED00F63D89 /* Frameworks */ = {
			isa = PBXFrameworksBuildPhase;
			buildActionMask = 2147483647;
			files = (
				52A16E077425C36F4476BD93 /* Pods_HaishinTest.framework in Frameworks */,
			);
			runOnlyForDeploymentPostprocessing = 0;
		};
/* End PBXFrameworksBuildPhase section */

/* Begin PBXGroup section */
		24AB380B287C15ED00F63D89 = {
			isa = PBXGroup;
			children = (
				24AB3816287C15ED00F63D89 /* HaishinTest */,
				24AB3815287C15ED00F63D89 /* Products */,
				54B8FFD01AF79A6F3485C119 /* Pods */,
				29FF79B04C141A162D4AF588 /* Frameworks */,
			);
			sourceTree = "<group>";
		};
		24AB3815287C15ED00F63D89 /* Products */ = {
			isa = PBXGroup;
			children = (
				24AB3814287C15ED00F63D89 /* HaishinTest.app */,
			);
			name = Products;
			sourceTree = "<group>";
		};
		24AB3816287C15ED00F63D89 /* HaishinTest */ = {
			isa = PBXGroup;
			children = (
				24AB382E287C27DA00F63D89 /* Model */,
				24AB3827287C273100F63D89 /* View */,
				24AB3817287C15ED00F63D89 /* HaishinTestApp.swift */,
				24AB3819287C15ED00F63D89 /* ContentView.swift */,
				24AB381B287C15EF00F63D89 /* Assets.xcassets */,
				24AB381D287C15EF00F63D89 /* Preview Content */,
				24AB3831287C290A00F63D89 /* VisualEffect.swift */,
			);
			path = HaishinTest;
			sourceTree = "<group>";
		};
		24AB381D287C15EF00F63D89 /* Preview Content */ = {
			isa = PBXGroup;
			children = (
				24AB381E287C15EF00F63D89 /* Preview Assets.xcassets */,
			);
			path = "Preview Content";
			sourceTree = "<group>";
		};
		24AB3827287C273100F63D89 /* View */ = {
			isa = PBXGroup;
			children = (
				24AB3828287C275700F63D89 /* MTHKSwiftUiView.swift */,
				24AB382A287C279400F63D89 /* OnTapGestureView.swift */,
				24AB382C287C27AB00F63D89 /* Views.swift */,
			);
			path = View;
			sourceTree = "<group>";
		};
		24AB382E287C27DA00F63D89 /* Model */ = {
			isa = PBXGroup;
			children = (
				24AB382F287C27F200F63D89 /* ViewModel.swift */,
			);
			path = Model;
			sourceTree = "<group>";
		};
		29FF79B04C141A162D4AF588 /* Frameworks */ = {
			isa = PBXGroup;
			children = (
				A85483CE584F3C3F6F12804C /* Pods_HaishinTest.framework */,
			);
			name = Frameworks;
			sourceTree = "<group>";
		};
		54B8FFD01AF79A6F3485C119 /* Pods */ = {
			isa = PBXGroup;
			children = (
				CCB40260CBFE4BDA0ACCC47A /* Pods-HaishinTest.debug.xcconfig */,
				2FF17090AF0493513494E458 /* Pods-HaishinTest.release.xcconfig */,
			);
			path = Pods;
			sourceTree = "<group>";
		};
/* End PBXGroup section */

/* Begin PBXNativeTarget section */
		24AB3813287C15ED00F63D89 /* HaishinTest */ = {
			isa = PBXNativeTarget;
			buildConfigurationList = 24AB3822287C15EF00F63D89 /* Build configuration list for PBXNativeTarget "HaishinTest" */;
			buildPhases = (
				95EF80E5076A62515D154C0E /* [CP] Check Pods Manifest.lock */,
				24AB3810287C15ED00F63D89 /* Sources */,
				24AB3811287C15ED00F63D89 /* Frameworks */,
				24AB3812287C15ED00F63D89 /* Resources */,
				6AF5B5B18231BF68FED8D150 /* [CP] Embed Pods Frameworks */,
			);
			buildRules = (
			);
			dependencies = (
			);
			name = HaishinTest;
			productName = HaishinTest;
			productReference = 24AB3814287C15ED00F63D89 /* HaishinTest.app */;
			productType = "com.apple.product-type.application";
		};
/* End PBXNativeTarget section */

/* Begin PBXProject section */
		24AB380C287C15ED00F63D89 /* Project object */ = {
			isa = PBXProject;
			attributes = {
				BuildIndependentTargetsInParallel = 1;
				LastSwiftUpdateCheck = 1330;
				LastUpgradeCheck = 1330;
				TargetAttributes = {
					24AB3813287C15ED00F63D89 = {
						CreatedOnToolsVersion = 13.3.1;
					};
				};
			};
			buildConfigurationList = 24AB380F287C15ED00F63D89 /* Build configuration list for PBXProject "HaishinTest" */;
			compatibilityVersion = "Xcode 13.0";
			developmentRegion = en;
			hasScannedForEncodings = 0;
			knownRegions = (
				en,
				Base,
			);
			mainGroup = 24AB380B287C15ED00F63D89;
			productRefGroup = 24AB3815287C15ED00F63D89 /* Products */;
			projectDirPath = "";
			projectRoot = "";
			targets = (
				24AB3813287C15ED00F63D89 /* HaishinTest */,
			);
		};
/* End PBXProject section */

/* Begin PBXResourcesBuildPhase section */
		24AB3812287C15ED00F63D89 /* Resources */ = {
			isa = PBXResourcesBuildPhase;
			buildActionMask = 2147483647;
			files = (
				24AB381F287C15EF00F63D89 /* Preview Assets.xcassets in Resources */,
				24AB381C287C15EF00F63D89 /* Assets.xcassets in Resources */,
			);
			runOnlyForDeploymentPostprocessing = 0;
		};
/* End PBXResourcesBuildPhase section */

/* Begin PBXShellScriptBuildPhase section */
		6AF5B5B18231BF68FED8D150 /* [CP] Embed Pods Frameworks */ = {
			isa = PBXShellScriptBuildPhase;
			buildActionMask = 2147483647;
			files = (
			);
			inputFileListPaths = (
				"${PODS_ROOT}/Target Support Files/Pods-HaishinTest/Pods-HaishinTest-frameworks-${CONFIGURATION}-input-files.xcfilelist",
			);
			name = "[CP] Embed Pods Frameworks";
			outputFileListPaths = (
				"${PODS_ROOT}/Target Support Files/Pods-HaishinTest/Pods-HaishinTest-frameworks-${CONFIGURATION}-output-files.xcfilelist",
			);
			runOnlyForDeploymentPostprocessing = 0;
			shellPath = /bin/sh;
			shellScript = "\"${PODS_ROOT}/Target Support Files/Pods-HaishinTest/Pods-HaishinTest-frameworks.sh\"\n";
			showEnvVarsInLog = 0;
		};
		95EF80E5076A62515D154C0E /* [CP] Check Pods Manifest.lock */ = {
			isa = PBXShellScriptBuildPhase;
			buildActionMask = 2147483647;
			files = (
			);
			inputFileListPaths = (
			);
			inputPaths = (
				"${PODS_PODFILE_DIR_PATH}/Podfile.lock",
				"${PODS_ROOT}/Manifest.lock",
			);
			name = "[CP] Check Pods Manifest.lock";
			outputFileListPaths = (
			);
			outputPaths = (
				"$(DERIVED_FILE_DIR)/Pods-HaishinTest-checkManifestLockResult.txt",
			);
			runOnlyForDeploymentPostprocessing = 0;
			shellPath = /bin/sh;
			shellScript = "diff \"${PODS_PODFILE_DIR_PATH}/Podfile.lock\" \"${PODS_ROOT}/Manifest.lock\" > /dev/null\nif [ $? != 0 ] ; then\n    # print error to STDERR\n    echo \"error: The sandbox is not in sync with the Podfile.lock. Run 'pod install' or update your CocoaPods installation.\" >&2\n    exit 1\nfi\n# This output is used by Xcode 'outputs' to avoid re-running this script phase.\necho \"SUCCESS\" > \"${SCRIPT_OUTPUT_FILE_0}\"\n";
			showEnvVarsInLog = 0;
		};
/* End PBXShellScriptBuildPhase section */

/* Begin PBXSourcesBuildPhase section */
		24AB3810287C15ED00F63D89 /* Sources */ = {
			isa = PBXSourcesBuildPhase;
			buildActionMask = 2147483647;
			files = (
				24AB3832287C290A00F63D89 /* VisualEffect.swift in Sources */,
				24AB3829287C275700F63D89 /* MTHKSwiftUiView.swift in Sources */,
				24AB382B287C279400F63D89 /* OnTapGestureView.swift in Sources */,
				24AB381A287C15ED00F63D89 /* ContentView.swift in Sources */,
				24AB382D287C27AB00F63D89 /* Views.swift in Sources */,
				24AB3830287C27F200F63D89 /* ViewModel.swift in Sources */,
				24AB3818287C15ED00F63D89 /* HaishinTestApp.swift in Sources */,
			);
			runOnlyForDeploymentPostprocessing = 0;
		};
/* End PBXSourcesBuildPhase section */

/* Begin XCBuildConfiguration section */
		24AB3820287C15EF00F63D89 /* Debug */ = {
			isa = XCBuildConfiguration;
			buildSettings = {
				ALWAYS_SEARCH_USER_PATHS = NO;
				CLANG_ANALYZER_NONNULL = YES;
				CLANG_ANALYZER_NUMBER_OBJECT_CONVERSION = YES_AGGRESSIVE;
				CLANG_CXX_LANGUAGE_STANDARD = "gnu++17";
				CLANG_ENABLE_MODULES = YES;
				CLANG_ENABLE_OBJC_ARC = YES;
				CLANG_ENABLE_OBJC_WEAK = YES;
				CLANG_WARN_BLOCK_CAPTURE_AUTORELEASING = YES;
				CLANG_WARN_BOOL_CONVERSION = YES;
				CLANG_WARN_COMMA = YES;
				CLANG_WARN_CONSTANT_CONVERSION = YES;
				CLANG_WARN_DEPRECATED_OBJC_IMPLEMENTATIONS = YES;
				CLANG_WARN_DIRECT_OBJC_ISA_USAGE = YES_ERROR;
				CLANG_WARN_DOCUMENTATION_COMMENTS = YES;
				CLANG_WARN_EMPTY_BODY = YES;
				CLANG_WARN_ENUM_CONVERSION = YES;
				CLANG_WARN_INFINITE_RECURSION = YES;
				CLANG_WARN_INT_CONVERSION = YES;
				CLANG_WARN_NON_LITERAL_NULL_CONVERSION = YES;
				CLANG_WARN_OBJC_IMPLICIT_RETAIN_SELF = YES;
				CLANG_WARN_OBJC_LITERAL_CONVERSION = YES;
				CLANG_WARN_OBJC_ROOT_CLASS = YES_ERROR;
				CLANG_WARN_QUOTED_INCLUDE_IN_FRAMEWORK_HEADER = YES;
				CLANG_WARN_RANGE_LOOP_ANALYSIS = YES;
				CLANG_WARN_STRICT_PROTOTYPES = YES;
				CLANG_WARN_SUSPICIOUS_MOVE = YES;
				CLANG_WARN_UNGUARDED_AVAILABILITY = YES_AGGRESSIVE;
				CLANG_WARN_UNREACHABLE_CODE = YES;
				CLANG_WARN__DUPLICATE_METHOD_MATCH = YES;
				COPY_PHASE_STRIP = NO;
				DEBUG_INFORMATION_FORMAT = dwarf;
				ENABLE_STRICT_OBJC_MSGSEND = YES;
				ENABLE_TESTABILITY = YES;
				GCC_C_LANGUAGE_STANDARD = gnu11;
				GCC_DYNAMIC_NO_PIC = NO;
				GCC_NO_COMMON_BLOCKS = YES;
				GCC_OPTIMIZATION_LEVEL = 0;
				GCC_PREPROCESSOR_DEFINITIONS = (
					"DEBUG=1",
					"$(inherited)",
				);
				GCC_WARN_64_TO_32_BIT_CONVERSION = YES;
				GCC_WARN_ABOUT_RETURN_TYPE = YES_ERROR;
				GCC_WARN_UNDECLARED_SELECTOR = YES;
				GCC_WARN_UNINITIALIZED_AUTOS = YES_AGGRESSIVE;
				GCC_WARN_UNUSED_FUNCTION = YES;
				GCC_WARN_UNUSED_VARIABLE = YES;
				IPHONEOS_DEPLOYMENT_TARGET = 15.4;
				MTL_ENABLE_DEBUG_INFO = INCLUDE_SOURCE;
				MTL_FAST_MATH = YES;
				ONLY_ACTIVE_ARCH = YES;
				SDKROOT = iphoneos;
				SWIFT_ACTIVE_COMPILATION_CONDITIONS = DEBUG;
				SWIFT_OPTIMIZATION_LEVEL = "-Onone";
			};
			name = Debug;
		};
		24AB3821287C15EF00F63D89 /* Release */ = {
			isa = XCBuildConfiguration;
			buildSettings = {
				ALWAYS_SEARCH_USER_PATHS = NO;
				CLANG_ANALYZER_NONNULL = YES;
				CLANG_ANALYZER_NUMBER_OBJECT_CONVERSION = YES_AGGRESSIVE;
				CLANG_CXX_LANGUAGE_STANDARD = "gnu++17";
				CLANG_ENABLE_MODULES = YES;
				CLANG_ENABLE_OBJC_ARC = YES;
				CLANG_ENABLE_OBJC_WEAK = YES;
				CLANG_WARN_BLOCK_CAPTURE_AUTORELEASING = YES;
				CLANG_WARN_BOOL_CONVERSION = YES;
				CLANG_WARN_COMMA = YES;
				CLANG_WARN_CONSTANT_CONVERSION = YES;
				CLANG_WARN_DEPRECATED_OBJC_IMPLEMENTATIONS = YES;
				CLANG_WARN_DIRECT_OBJC_ISA_USAGE = YES_ERROR;
				CLANG_WARN_DOCUMENTATION_COMMENTS = YES;
				CLANG_WARN_EMPTY_BODY = YES;
				CLANG_WARN_ENUM_CONVERSION = YES;
				CLANG_WARN_INFINITE_RECURSION = YES;
				CLANG_WARN_INT_CONVERSION = YES;
				CLANG_WARN_NON_LITERAL_NULL_CONVERSION = YES;
				CLANG_WARN_OBJC_IMPLICIT_RETAIN_SELF = YES;
				CLANG_WARN_OBJC_LITERAL_CONVERSION = YES;
				CLANG_WARN_OBJC_ROOT_CLASS = YES_ERROR;
				CLANG_WARN_QUOTED_INCLUDE_IN_FRAMEWORK_HEADER = YES;
				CLANG_WARN_RANGE_LOOP_ANALYSIS = YES;
				CLANG_WARN_STRICT_PROTOTYPES = YES;
				CLANG_WARN_SUSPICIOUS_MOVE = YES;
				CLANG_WARN_UNGUARDED_AVAILABILITY = YES_AGGRESSIVE;
				CLANG_WARN_UNREACHABLE_CODE = YES;
				CLANG_WARN__DUPLICATE_METHOD_MATCH = YES;
				COPY_PHASE_STRIP = NO;
				DEBUG_INFORMATION_FORMAT = "dwarf-with-dsym";
				ENABLE_NS_ASSERTIONS = NO;
				ENABLE_STRICT_OBJC_MSGSEND = YES;
				GCC_C_LANGUAGE_STANDARD = gnu11;
				GCC_NO_COMMON_BLOCKS = YES;
				GCC_WARN_64_TO_32_BIT_CONVERSION = YES;
				GCC_WARN_ABOUT_RETURN_TYPE = YES_ERROR;
				GCC_WARN_UNDECLARED_SELECTOR = YES;
				GCC_WARN_UNINITIALIZED_AUTOS = YES_AGGRESSIVE;
				GCC_WARN_UNUSED_FUNCTION = YES;
				GCC_WARN_UNUSED_VARIABLE = YES;
				IPHONEOS_DEPLOYMENT_TARGET = 15.4;
				MTL_ENABLE_DEBUG_INFO = NO;
				MTL_FAST_MATH = YES;
				SDKROOT = iphoneos;
				SWIFT_COMPILATION_MODE = wholemodule;
				SWIFT_OPTIMIZATION_LEVEL = "-O";
				VALIDATE_PRODUCT = YES;
			};
			name = Release;
		};
		24AB3823287C15EF00F63D89 /* Debug */ = {
			isa = XCBuildConfiguration;
			baseConfigurationReference = CCB40260CBFE4BDA0ACCC47A /* Pods-HaishinTest.debug.xcconfig */;
			buildSettings = {
				ASSETCATALOG_COMPILER_APPICON_NAME = AppIcon;
				ASSETCATALOG_COMPILER_GLOBAL_ACCENT_COLOR_NAME = AccentColor;
				CODE_SIGN_STYLE = Automatic;
				CURRENT_PROJECT_VERSION = 1;
				DEVELOPMENT_ASSET_PATHS = "\"HaishinTest/Preview Content\"";
				DEVELOPMENT_TEAM = 785654HMG9;
				ENABLE_PREVIEWS = YES;
				GENERATE_INFOPLIST_FILE = YES;
				INFOPLIST_KEY_NSCameraUsageDescription = "to see you all time";
				INFOPLIST_KEY_NSMicrophoneUsageDescription = "to huck you";
				INFOPLIST_KEY_NSPhotoLibraryUsageDescription = "cuz we need";
				INFOPLIST_KEY_UIApplicationSceneManifest_Generation = YES;
				INFOPLIST_KEY_UIApplicationSupportsIndirectInputEvents = YES;
				INFOPLIST_KEY_UILaunchScreen_Generation = YES;
				INFOPLIST_KEY_UISupportedInterfaceOrientations_iPad = "UIInterfaceOrientationPortrait UIInterfaceOrientationPortraitUpsideDown UIInterfaceOrientationLandscapeLeft UIInterfaceOrientationLandscapeRight";
				INFOPLIST_KEY_UISupportedInterfaceOrientations_iPhone = "UIInterfaceOrientationPortrait UIInterfaceOrientationLandscapeLeft UIInterfaceOrientationLandscapeRight";
				LD_RUNPATH_SEARCH_PATHS = (
					"$(inherited)",
					"@executable_path/Frameworks",
				);
				MARKETING_VERSION = 1.0;
				PRODUCT_BUNDLE_IDENTIFIER = "com.one-wheat.HaishinTest";
				PRODUCT_NAME = "$(TARGET_NAME)";
				SWIFT_EMIT_LOC_STRINGS = YES;
				SWIFT_VERSION = 5.0;
				TARGETED_DEVICE_FAMILY = "1,2";
			};
			name = Debug;
		};
		24AB3824287C15EF00F63D89 /* Release */ = {
			isa = XCBuildConfiguration;
			baseConfigurationReference = 2FF17090AF0493513494E458 /* Pods-HaishinTest.release.xcconfig */;
			buildSettings = {
				ASSETCATALOG_COMPILER_APPICON_NAME = AppIcon;
				ASSETCATALOG_COMPILER_GLOBAL_ACCENT_COLOR_NAME = AccentColor;
				CODE_SIGN_STYLE = Automatic;
				CURRENT_PROJECT_VERSION = 1;
				DEVELOPMENT_ASSET_PATHS = "\"HaishinTest/Preview Content\"";
				DEVELOPMENT_TEAM = 785654HMG9;
				ENABLE_PREVIEWS = YES;
				GENERATE_INFOPLIST_FILE = YES;
				INFOPLIST_KEY_NSCameraUsageDescription = "to see you all time";
				INFOPLIST_KEY_NSMicrophoneUsageDescription = "to huck you";
				INFOPLIST_KEY_NSPhotoLibraryUsageDescription = "cuz we need";
				INFOPLIST_KEY_UIApplicationSceneManifest_Generation = YES;
				INFOPLIST_KEY_UIApplicationSupportsIndirectInputEvents = YES;
				INFOPLIST_KEY_UILaunchScreen_Generation = YES;
				INFOPLIST_KEY_UISupportedInterfaceOrientations_iPad = "UIInterfaceOrientationPortrait UIInterfaceOrientationPortraitUpsideDown UIInterfaceOrientationLandscapeLeft UIInterfaceOrientationLandscapeRight";
				INFOPLIST_KEY_UISupportedInterfaceOrientations_iPhone = "UIInterfaceOrientationPortrait UIInterfaceOrientationLandscapeLeft UIInterfaceOrientationLandscapeRight";
				LD_RUNPATH_SEARCH_PATHS = (
					"$(inherited)",
					"@executable_path/Frameworks",
				);
				MARKETING_VERSION = 1.0;
				PRODUCT_BUNDLE_IDENTIFIER = "com.one-wheat.HaishinTest";
				PRODUCT_NAME = "$(TARGET_NAME)";
				SWIFT_EMIT_LOC_STRINGS = YES;
				SWIFT_VERSION = 5.0;
				TARGETED_DEVICE_FAMILY = "1,2";
			};
			name = Release;
		};
/* End XCBuildConfiguration section */

/* Begin XCConfigurationList section */
		24AB380F287C15ED00F63D89 /* Build configuration list for PBXProject "HaishinTest" */ = {
			isa = XCConfigurationList;
			buildConfigurations = (
				24AB3820287C15EF00F63D89 /* Debug */,
				24AB3821287C15EF00F63D89 /* Release */,
			);
			defaultConfigurationIsVisible = 0;
			defaultConfigurationName = Release;
		};
		24AB3822287C15EF00F63D89 /* Build configuration list for PBXNativeTarget "HaishinTest" */ = {
			isa = XCConfigurationList;
			buildConfigurations = (
				24AB3823287C15EF00F63D89 /* Debug */,
				24AB3824287C15EF00F63D89 /* Release */,
			);
			defaultConfigurationIsVisible = 0;
			defaultConfigurationName = Release;
		};
/* End XCConfigurationList section */
	};
	rootObject = 24AB380C287C15ED00F63D89 /* Project object */;
}
